
Microsoft Visual Studio Solution File, Format Version 12.00
# Visual Studio Version 16
VisualStudioVersion = 16.0.30804.86
MinimumVisualStudioVersion = 10.0.40219.1
Project("{FAE04EC0-301F-11D3-BF4B-00C04F79EFBC}") = "Obstract", "Obstract\Obstract.csproj", "{CFBC49D7-646F-42F9-9DF7-1F23F993500E}"
EndProject
Global
	GlobalSection(SolutionConfigurationPlatforms) = preSolution
		Debug|Any CPU = Debug|Any CPU
		Release|Any CPU = Release|Any CPU
	EndGlobalSection
	GlobalSection(ProjectConfigurationPlatforms) = postSolution
		{CFBC49D7-646F-42F9-9DF7-1F23F993500E}.Debug|Any CPU.ActiveCfg = Debug|Any CPU
		{CFBC49D7-646F-42F9-9DF7-1F23F993500E}.Debug|Any CPU.Build.0 = Debug|Any CPU
		{CFBC49D7-646F-42F9-9DF7-1F23F993500E}.Release|Any CPU.ActiveCfg = Release|Any CPU
		{CFBC49D7-646F-42F9-9DF7-1F23F993500E}.Release|Any CPU.Build.0 = Release|Any CPU
	EndGlobalSection
	GlobalSection(SolutionProperties) = preSolution
		HideSolutionNode = FALSE
	EndGlobalSection
	GlobalSection(ExtensibilityGlobals) = postSolution
		SolutionGuid = {35C2A9FE-4339-460F-8875-F8F2AC16CC40}
	EndGlobalSection
EndGlobal
